
Microsoft Visual Studio Solution File, Format Version 12.00
# Visual Studio Version 17
VisualStudioVersion = 17.14.36804.6 d17.14
MinimumVisualStudioVersion = 10.0.40219.1
Project("{FAE04EC0-301F-11D3-BF4B-00C04F79EFBC}") = "IPOClient", "IPOClient.csproj", "{BF1A85D7-9BA0-45DF-A2B8-7560B97AC1E7}"
EndProject
Global
	GlobalSection(SolutionConfigurationPlatforms) = preSolution
		Debug|Any CPU = Debug|Any CPU
		Release|Any CPU = Release|Any CPU
	EndGlobalSection
	GlobalSection(ProjectConfigurationPlatforms) = postSolution
		{BF1A85D7-9BA0-45DF-A2B8-7560B97AC1E7}.Debug|Any CPU.ActiveCfg = Debug|Any CPU
		{BF1A85D7-9BA0-45DF-A2B8-7560B97AC1E7}.Debug|Any CPU.Build.0 = Debug|Any CPU
		{BF1A85D7-9BA0-45DF-A2B8-7560B97AC1E7}.Release|Any CPU.ActiveCfg = Release|Any CPU
		{BF1A85D7-9BA0-45DF-A2B8-7560B97AC1E7}.Release|Any CPU.Build.0 = Release|Any CPU
	EndGlobalSection
	GlobalSection(SolutionProperties) = preSolution
		HideSolutionNode = FALSE
	EndGlobalSection
	GlobalSection(ExtensibilityGlobals) = postSolution
		SolutionGuid = {0F373F90-3BAB-42D3-9410-10CB57FA121F}
	EndGlobalSection
EndGlobal
